
Microsoft Visual Studio Solution File, Format Version 12.00
# Visual Studio Version 16
VisualStudioVersion = 16.0.33214.272
MinimumVisualStudioVersion = 10.0.40219.1
Project("{FAE04EC0-301F-11D3-BF4B-00C04F79EFBC}") = "GitFun", "GitFun\GitFun.csproj", "{4FD999D2-6E00-423B-AD3F-B3340DA60DEE}"
EndProject
Global
	GlobalSection(SolutionConfigurationPlatforms) = preSolution
		Debug|Any CPU = Debug|Any CPU
		Release|Any CPU = Release|Any CPU
	EndGlobalSection
	GlobalSection(ProjectConfigurationPlatforms) = postSolution
		{4FD999D2-6E00-423B-AD3F-B3340DA60DEE}.Debug|Any CPU.ActiveCfg = Debug|Any CPU
		{4FD999D2-6E00-423B-AD3F-B3340DA60DEE}.Debug|Any CPU.Build.0 = Debug|Any CPU
		{4FD999D2-6E00-423B-AD3F-B3340DA60DEE}.Release|Any CPU.ActiveCfg = Release|Any CPU
		{4FD999D2-6E00-423B-AD3F-B3340DA60DEE}.Release|Any CPU.Build.0 = Release|Any CPU
	EndGlobalSection
	GlobalSection(SolutionProperties) = preSolution
		HideSolutionNode = FALSE
	EndGlobalSection
	GlobalSection(ExtensibilityGlobals) = postSolution
		SolutionGuid = {6046A0C5-68DE-4D75-811F-139C2173B195}
	EndGlobalSection
EndGlobal
